# This file is automatically @generated by Cargo.
# It is not intended for manual editing.
version = 4

[[package]]
name = "memchr"
version = "2.8.3"
source = "registry+https://github.com/rust-lang/crates.io-index"
checksum = "cf8baf1c55e62ffcace7a9f06f4bd9cd3f0c4beb022d3b367256b91b87513d98"

[[package]]
name = "rudb"
version = "0.3.13"
source = "git+https://github.com/tamnd/rudb?branch=main#a19ecdcaf144a4a9b15da984f50c769567f44af2"
dependencies = [
 "rudb-arrow",
 "rudb-bind",
 "rudb-catalog",
 "rudb-common",
 "rudb-exec",
 "rudb-io",
 "rudb-kernels",
 "rudb-metrics",
 "rudb-opt",
 "rudb-parse",
 "rudb-pipeline",
 "rudb-plan",
 "rudb-seam",
 "rudb-storage",
 "rudb-txn",
 "rudb-vector",
]

[[package]]
name = "rudb-arrow"
version = "0.3.13"
source = "git+https://github.com/tamnd/rudb?branch=main#a19ecdcaf144a4a9b15da984f50c769567f44af2"
dependencies = [
 "rudb-common",
 "rudb-vector",
]

[[package]]
name = "rudb-bind"
version = "0.3.13"
source = "git+https://github.com/tamnd/rudb?branch=main#a19ecdcaf144a4a9b15da984f50c769567f44af2"
dependencies = [
 "rudb-catalog",
 "rudb-common",
 "rudb-functions",
 "rudb-parse",
 "rudb-plan",
]

[[package]]
name = "rudb-catalog"
version = "0.3.13"
source = "git+https://github.com/tamnd/rudb?branch=main#a19ecdcaf144a4a9b15da984f50c769567f44af2"
dependencies = [
 "rudb-common",
 "rudb-functions",
 "rudb-storage",
 "rudb-txn",
 "rudb-vector",
]

[[package]]
name = "rudb-common"
version = "0.3.13"
source = "git+https://github.com/tamnd/rudb?branch=main#a19ecdcaf144a4a9b15da984f50c769567f44af2"

[[package]]
name = "rudb-compat"
version = "0.1.14"
dependencies = [
 "rudb",
]

[[package]]
name = "rudb-compress"
version = "0.3.13"
source = "git+https://github.com/tamnd/rudb?branch=main#a19ecdcaf144a4a9b15da984f50c769567f44af2"
dependencies = [
 "rudb-common",
]

[[package]]
name = "rudb-csv"
version = "0.3.13"
source = "git+https://github.com/tamnd/rudb?branch=main#a19ecdcaf144a4a9b15da984f50c769567f44af2"
dependencies = [
 "rudb-common",
 "rudb-io",
 "rudb-kernels",
 "rudb-vector",
]

[[package]]
name = "rudb-encoding"
version = "0.3.13"
source = "git+https://github.com/tamnd/rudb?branch=main#a19ecdcaf144a4a9b15da984f50c769567f44af2"
dependencies = [
 "rudb-common",
 "rudb-vector",
]

[[package]]
name = "rudb-exec"
version = "0.3.13"
source = "git+https://github.com/tamnd/rudb?branch=main#a19ecdcaf144a4a9b15da984f50c769567f44af2"
dependencies = [
 "rudb-catalog",
 "rudb-common",
 "rudb-csv",
 "rudb-encoding",
 "rudb-functions",
 "rudb-io",
 "rudb-jit",
 "rudb-kernels",
 "rudb-metrics",
 "rudb-parquet",
 "rudb-pipeline",
 "rudb-plan",
 "rudb-seam",
 "rudb-storage",
 "rudb-txn",
 "rudb-vector",
]

[[package]]
name = "rudb-functions"
version = "0.3.13"
source = "git+https://github.com/tamnd/rudb?branch=main#a19ecdcaf144a4a9b15da984f50c769567f44af2"
dependencies = [
 "rudb-common",
 "rudb-csv",
 "rudb-io",
 "rudb-ir",
 "rudb-kernels",
 "rudb-parquet",
 "rudb-vector",
]

[[package]]
name = "rudb-io"
version = "0.3.13"
source = "git+https://github.com/tamnd/rudb?branch=main#a19ecdcaf144a4a9b15da984f50c769567f44af2"
dependencies = [
 "rudb-common",
]

[[package]]
name = "rudb-ir"
version = "0.3.13"
source = "git+https://github.com/tamnd/rudb?branch=main#a19ecdcaf144a4a9b15da984f50c769567f44af2"
dependencies = [
 "rudb-common",
 "rudb-vector",
]

[[package]]
name = "rudb-jit"
version = "0.3.13"
source = "git+https://github.com/tamnd/rudb?branch=main#a19ecdcaf144a4a9b15da984f50c769567f44af2"
dependencies = [
 "rudb-common",
 "rudb-ir",
 "rudb-kernels",
 "rudb-vector",
]

[[package]]
name = "rudb-kernels"
version = "0.3.13"
source = "git+https://github.com/tamnd/rudb?branch=main#a19ecdcaf144a4a9b15da984f50c769567f44af2"
dependencies = [
 "memchr",
 "rudb-common",
 "rudb-encoding",
 "rudb-regex",
 "rudb-vector",
]

[[package]]
name = "rudb-metrics"
version = "0.3.13"
source = "git+https://github.com/tamnd/rudb?branch=main#a19ecdcaf144a4a9b15da984f50c769567f44af2"
dependencies = [
 "rudb-common",
]

[[package]]
name = "rudb-opt"
version = "0.3.13"
source = "git+https://github.com/tamnd/rudb?branch=main#a19ecdcaf144a4a9b15da984f50c769567f44af2"
dependencies = [
 "rudb-catalog",
 "rudb-common",
 "rudb-functions",
 "rudb-kernels",
 "rudb-metrics",
 "rudb-plan",
 "rudb-seam",
 "rudb-storage",
 "rudb-vector",
]

[[package]]
name = "rudb-parquet"
version = "0.3.13"
source = "git+https://github.com/tamnd/rudb?branch=main#a19ecdcaf144a4a9b15da984f50c769567f44af2"
dependencies = [
 "rudb-common",
 "rudb-compress",
 "rudb-encoding",
 "rudb-io",
 "rudb-vector",
]

[[package]]
name = "rudb-parse"
version = "0.3.13"
source = "git+https://github.com/tamnd/rudb?branch=main#a19ecdcaf144a4a9b15da984f50c769567f44af2"
dependencies = [
 "rudb-common",
]

[[package]]
name = "rudb-pipeline"
version = "0.3.13"
source = "git+https://github.com/tamnd/rudb?branch=main#a19ecdcaf144a4a9b15da984f50c769567f44af2"
dependencies = [
 "rudb-common",
 "rudb-metrics",
 "rudb-seam",
 "rudb-vector",
]

[[package]]
name = "rudb-plan"
version = "0.3.13"
source = "git+https://github.com/tamnd/rudb?branch=main#a19ecdcaf144a4a9b15da984f50c769567f44af2"
dependencies = [
 "rudb-common",
 "rudb-seam",
]

[[package]]
name = "rudb-regex"
version = "0.3.13"
source = "git+https://github.com/tamnd/rudb?branch=main#a19ecdcaf144a4a9b15da984f50c769567f44af2"
dependencies = [
 "rudb-common",
]

[[package]]
name = "rudb-seam"
version = "0.3.13"
source = "git+https://github.com/tamnd/rudb?branch=main#a19ecdcaf144a4a9b15da984f50c769567f44af2"
dependencies = [
 "rudb-common",
]

[[package]]
name = "rudb-storage"
version = "0.3.13"
source = "git+https://github.com/tamnd/rudb?branch=main#a19ecdcaf144a4a9b15da984f50c769567f44af2"
dependencies = [
 "rudb-common",
 "rudb-encoding",
 "rudb-io",
 "rudb-vector",
]

[[package]]
name = "rudb-txn"
version = "0.3.13"
source = "git+https://github.com/tamnd/rudb?branch=main#a19ecdcaf144a4a9b15da984f50c769567f44af2"
dependencies = [
 "rudb-common",
 "rudb-io",
 "rudb-storage",
]

[[package]]
name = "rudb-vector"
version = "0.3.13"
source = "git+https://github.com/tamnd/rudb?branch=main#a19ecdcaf144a4a9b15da984f50c769567f44af2"
dependencies = [
 "rudb-common",
]
